
Microsoft Visual Studio Solution File, Format Version 12.00
# Visual Studio 2012
Project("{FAE04EC0-301F-11D3-BF4B-00C04F79EFBC}") = "1. Decimal To Binary", "DecimalToBinary\1. Decimal To Binary.csproj", "{AF015167-1114-4646-84DD-25D8F98AE1E2}"
EndProject
Project("{FAE04EC0-301F-11D3-BF4B-00C04F79EFBC}") = "2. Binary To Decimal", "BinaryToDecimal\2. Binary To Decimal.csproj", "{75E738A1-D24D-48D3-BF78-643DB969250C}"
EndProject
Project("{FAE04EC0-301F-11D3-BF4B-00C04F79EFBC}") = "3. Decimal To Hexadecimal", "DecimalToHexadecimal\3. Decimal To Hexadecimal.csproj", "{8211366E-B9BA-41B5-BC28-471C072F648F}"
EndProject
Project("{FAE04EC0-301F-11D3-BF4B-00C04F79EFBC}") = "4. Hexadecimal To Decimal", "HexadecimalToDecimal\4. Hexadecimal To Decimal.csproj", "{B18D4F37-611B-4A48-AE89-72404C49CA37}"
EndProject
Project("{FAE04EC0-301F-11D3-BF4B-00C04F79EFBC}") = "5. Hexadecimal To Binary", "HexadecimalToBinary\5. Hexadecimal To Binary.csproj", "{47E9B408-9F3E-4422-9C29-540C49FF3F13}"
EndProject
Project("{FAE04EC0-301F-11D3-BF4B-00C04F79EFBC}") = "6. Binary To Hexadecimal", "BinaryToHexadecimal\6. Binary To Hexadecimal.csproj", "{85AD561F-5348-4808-9E3B-7B6D231E85B4}"
EndProject
Project("{FAE04EC0-301F-11D3-BF4B-00C04F79EFBC}") = "7. Convert Any Numeral System", "ConvertAnyNumeralSystem\7. Convert Any Numeral System.csproj", "{15E69FA6-D705-42D3-B861-A4524F2A26EC}"
EndProject
Project("{FAE04EC0-301F-11D3-BF4B-00C04F79EFBC}") = "8. Binary Of Short", "BinaryOfShort\8. Binary Of Short.csproj", "{3D52DCA2-CF45-4481-B1F5-49031439CD2B}"
EndProject
Global
	GlobalSection(SolutionConfigurationPlatforms) = preSolution
		Debug|Any CPU = Debug|Any CPU
		Release|Any CPU = Release|Any CPU
	EndGlobalSection
	GlobalSection(ProjectConfigurationPlatforms) = postSolution
		{AF015167-1114-4646-84DD-25D8F98AE1E2}.Debug|Any CPU.ActiveCfg = Debug|Any CPU
		{AF015167-1114-4646-84DD-25D8F98AE1E2}.Debug|Any CPU.Build.0 = Debug|Any CPU
		{AF015167-1114-4646-84DD-25D8F98AE1E2}.Release|Any CPU.ActiveCfg = Release|Any CPU
		{AF015167-1114-4646-84DD-25D8F98AE1E2}.Release|Any CPU.Build.0 = Release|Any CPU
		{75E738A1-D24D-48D3-BF78-643DB969250C}.Debug|Any CPU.ActiveCfg = Debug|Any CPU
		{75E738A1-D24D-48D3-BF78-643DB969250C}.Debug|Any CPU.Build.0 = Debug|Any CPU
		{75E738A1-D24D-48D3-BF78-643DB969250C}.Release|Any CPU.ActiveCfg = Release|Any CPU
		{75E738A1-D24D-48D3-BF78-643DB969250C}.Release|Any CPU.Build.0 = Release|Any CPU
		{8211366E-B9BA-41B5-BC28-471C072F648F}.Debug|Any CPU.ActiveCfg = Debug|Any CPU
		{8211366E-B9BA-41B5-BC28-471C072F648F}.Debug|Any CPU.Build.0 = Debug|Any CPU
		{8211366E-B9BA-41B5-BC28-471C072F648F}.Release|Any CPU.ActiveCfg = Release|Any CPU
		{8211366E-B9BA-41B5-BC28-471C072F648F}.Release|Any CPU.Build.0 = Release|Any CPU
		{B18D4F37-611B-4A48-AE89-72404C49CA37}.Debug|Any CPU.ActiveCfg = Debug|Any CPU
		{B18D4F37-611B-4A48-AE89-72404C49CA37}.Debug|Any CPU.Build.0 = Debug|Any CPU
		{B18D4F37-611B-4A48-AE89-72404C49CA37}.Release|Any CPU.ActiveCfg = Release|Any CPU
		{B18D4F37-611B-4A48-AE89-72404C49CA37}.Release|Any CPU.Build.0 = Release|Any CPU
		{47E9B408-9F3E-4422-9C29-540C49FF3F13}.Debug|Any CPU.ActiveCfg = Debug|Any CPU
		{47E9B408-9F3E-4422-9C29-540C49FF3F13}.Debug|Any CPU.Build.0 = Debug|Any CPU
		{47E9B408-9F3E-4422-9C29-540C49FF3F13}.Release|Any CPU.ActiveCfg = Release|Any CPU
		{47E9B408-9F3E-4422-9C29-540C49FF3F13}.Release|Any CPU.Build.0 = Release|Any CPU
		{85AD561F-5348-4808-9E3B-7B6D231E85B4}.Debug|Any CPU.ActiveCfg = Debug|Any CPU
		{85AD561F-5348-4808-9E3B-7B6D231E85B4}.Debug|Any CPU.Build.0 = Debug|Any CPU
		{85AD561F-5348-4808-9E3B-7B6D231E85B4}.Release|Any CPU.ActiveCfg = Release|Any CPU
		{85AD561F-5348-4808-9E3B-7B6D231E85B4}.Release|Any CPU.Build.0 = Release|Any CPU
		{15E69FA6-D705-42D3-B861-A4524F2A26EC}.Debug|Any CPU.ActiveCfg = Debug|Any CPU
		{15E69FA6-D705-42D3-B861-A4524F2A26EC}.Debug|Any CPU.Build.0 = Debug|Any CPU
		{15E69FA6-D705-42D3-B861-A4524F2A26EC}.Release|Any CPU.ActiveCfg = Release|Any CPU
		{15E69FA6-D705-42D3-B861-A4524F2A26EC}.Release|Any CPU.Build.0 = Release|Any CPU
		{3D52DCA2-CF45-4481-B1F5-49031439CD2B}.Debug|Any CPU.ActiveCfg = Debug|Any CPU
		{3D52DCA2-CF45-4481-B1F5-49031439CD2B}.Debug|Any CPU.Build.0 = Debug|Any CPU
		{3D52DCA2-CF45-4481-B1F5-49031439CD2B}.Release|Any CPU.ActiveCfg = Release|Any CPU
		{3D52DCA2-CF45-4481-B1F5-49031439CD2B}.Release|Any CPU.Build.0 = Release|Any CPU
	EndGlobalSection
	GlobalSection(SolutionProperties) = preSolution
		HideSolutionNode = FALSE
	EndGlobalSection
EndGlobal
